
Microsoft Visual Studio Solution File, Format Version 12.00
# Visual Studio Version 17
VisualStudioVersion = 17.3.32819.101
MinimumVisualStudioVersion = 10.0.40219.1
Project("{FAE04EC0-301F-11D3-BF4B-00C04F79EFBC}") = "Uppgift 3.4", "Uppgift 3.4\Uppgift 3.4.csproj", "{43051B14-1E36-4982-AB55-2BF3FAD92DE2}"
EndProject
Global
	GlobalSection(SolutionConfigurationPlatforms) = preSolution
		Debug|Any CPU = Debug|Any CPU
		Release|Any CPU = Release|Any CPU
	EndGlobalSection
	GlobalSection(ProjectConfigurationPlatforms) = postSolution
		{43051B14-1E36-4982-AB55-2BF3FAD92DE2}.Debug|Any CPU.ActiveCfg = Debug|Any CPU
		{43051B14-1E36-4982-AB55-2BF3FAD92DE2}.Debug|Any CPU.Build.0 = Debug|Any CPU
		{43051B14-1E36-4982-AB55-2BF3FAD92DE2}.Release|Any CPU.ActiveCfg = Release|Any CPU
		{43051B14-1E36-4982-AB55-2BF3FAD92DE2}.Release|Any CPU.Build.0 = Release|Any CPU
	EndGlobalSection
	GlobalSection(SolutionProperties) = preSolution
		HideSolutionNode = FALSE
	EndGlobalSection
	GlobalSection(ExtensibilityGlobals) = postSolution
		SolutionGuid = {D3B46AFA-4586-4060-98B9-067E39812F23}
	EndGlobalSection
EndGlobal
